
Microsoft Visual Studio Solution File, Format Version 12.00
# Visual Studio Version 17
VisualStudioVersion = 17.13.35913.81 d17.13
MinimumVisualStudioVersion = 10.0.40219.1
Project("{FAE04EC0-301F-11D3-BF4B-00C04F79EFBC}") = "FilminurkTARpe24_Markus", "FilminurkTARpe24_Markus.csproj", "{E17698B8-3AE5-44BF-A539-D12442480165}"
EndProject
Global
	GlobalSection(SolutionConfigurationPlatforms) = preSolution
		Debug|Any CPU = Debug|Any CPU
		Release|Any CPU = Release|Any CPU
	EndGlobalSection
	GlobalSection(ProjectConfigurationPlatforms) = postSolution
		{E17698B8-3AE5-44BF-A539-D12442480165}.Debug|Any CPU.ActiveCfg = Debug|Any CPU
		{E17698B8-3AE5-44BF-A539-D12442480165}.Debug|Any CPU.Build.0 = Debug|Any CPU
		{E17698B8-3AE5-44BF-A539-D12442480165}.Release|Any CPU.ActiveCfg = Release|Any CPU
		{E17698B8-3AE5-44BF-A539-D12442480165}.Release|Any CPU.Build.0 = Release|Any CPU
	EndGlobalSection
	GlobalSection(SolutionProperties) = preSolution
		HideSolutionNode = FALSE
	EndGlobalSection
	GlobalSection(ExtensibilityGlobals) = postSolution
		SolutionGuid = {54816A61-4BC2-44EA-997B-4630161BB261}
	EndGlobalSection
EndGlobal
