
Microsoft Visual Studio Solution File, Format Version 12.00
# Visual Studio Version 17
VisualStudioVersion = 17.13.35913.81 d17.13
MinimumVisualStudioVersion = 10.0.40219.1
Project("{FAE04EC0-301F-11D3-BF4B-00C04F79EFBC}") = "Filminurk.Data", "Filminurk.Data.csproj", "{48201FC8-DD9E-4358-814D-A89758B31399}"
EndProject
Global
	GlobalSection(SolutionConfigurationPlatforms) = preSolution
		Debug|Any CPU = Debug|Any CPU
		Release|Any CPU = Release|Any CPU
	EndGlobalSection
	GlobalSection(ProjectConfigurationPlatforms) = postSolution
		{48201FC8-DD9E-4358-814D-A89758B31399}.Debug|Any CPU.ActiveCfg = Debug|Any CPU
		{48201FC8-DD9E-4358-814D-A89758B31399}.Debug|Any CPU.Build.0 = Debug|Any CPU
		{48201FC8-DD9E-4358-814D-A89758B31399}.Release|Any CPU.ActiveCfg = Release|Any CPU
		{48201FC8-DD9E-4358-814D-A89758B31399}.Release|Any CPU.Build.0 = Release|Any CPU
	EndGlobalSection
	GlobalSection(SolutionProperties) = preSolution
		HideSolutionNode = FALSE
	EndGlobalSection
	GlobalSection(ExtensibilityGlobals) = postSolution
		SolutionGuid = {4C42FBD5-1CBF-48E8-B984-2D34FF72ACEE}
	EndGlobalSection
EndGlobal
